// !$*UTF8*$!
{
	archiveVersion = 1;
	classes = {
	};
	objectVersion = 46;
	objects = {

/* Begin PBXBuildFile section */
		1EFDAD351FFF38DE007FDDE1 /* main.cpp in Sources */ = {isa = PBXBuildFile; fileRef = 1EFDAD341FFF38DE007FDDE1 /* main.cpp */; };
/* End PBXBuildFile section */

/* Begin PBXCopyFilesBuildPhase section */
		1EFDAD2F1FFF38DE007FDDE1 /* CopyFiles */ = {
			isa = PBXCopyFilesBuildPhase;
			buildActionMask = 2147483647;
			dstPath = /usr/share/man/man1/;
			dstSubfolderSpec = 0;
			files = (
			);
			runOnlyForDeploymentPostprocessing = 1;
		};
/* End PBXCopyFilesBuildPhase section */

/* Begin PBXFileReference section */
		1EFDAD311FFF38DE007FDDE1 /* StrTok */ = {isa = PBXFileReference; explicitFileType = "compiled.mach-o.executable"; includeInIndex = 0; path = StrTok; sourceTree = BUILT_PRODUCTS_DIR; };
		1EFDAD341FFF38DE007FDDE1 /* main.cpp */ = {isa = PBXFileReference; lastKnownFileType = sourcecode.cpp.cpp; path = main.cpp; sourceTree = "<group>"; };
/* End PBXFileReference section */

/* Begin PBXFrameworksBuildPhase section */
		1EFDAD2E1FFF38DE007FDDE1 /* Frameworks */ = {
			isa = PBXFrameworksBuildPhase;
			buildActionMask = 2147483647;
			files = (
			);
			runOnlyForDeploymentPostprocessing = 0;
		};
/* End PBXFrameworksBuildPhase section */

/* Begin PBXGroup section */
		1EFDAD281FFF38DE007FDDE1 = {
			isa = PBXGroup;
			children = (
				1EFDAD331FFF38DE007FDDE1 /* StrTok */,
				1EFDAD321FFF38DE007FDDE1 /* Products */,
			);
			sourceTree = "<group>";
		};
		1EFDAD321FFF38DE007FDDE1 /* Products */ = {
			isa = PBXGroup;
			children = (
				1EFDAD311FFF38DE007FDDE1 /* StrTok */,
			);
			name = Products;
			sourceTree = "<group>";
		};
		1EFDAD331FFF38DE007FDDE1 /* StrTok */ = {
			isa = PBXGroup;
			children = (
				1EFDAD341FFF38DE007FDDE1 /* main.cpp */,
			);
			path = StrTok;
			sourceTree = "<group>";
		};
/* End PBXGroup section */

/* Begin PBXNativeTarget section */
		1EFDAD301FFF38DE007FDDE1 /* StrTok */ = {
			isa = PBXNativeTarget;
			buildConfigurationList = 1EFDAD381FFF38DE007FDDE1 /* Build configuration list for PBXNativeTarget "StrTok" */;
			buildPhases = (
				1EFDAD2D1FFF38DE007FDDE1 /* Sources */,
				1EFDAD2E1FFF38DE007FDDE1 /* Frameworks */,
				1EFDAD2F1FFF38DE007FDDE1 /* CopyFiles */,
			);
			buildRules = (
			);
			dependencies = (
			);
			name = StrTok;
			productName = StrTok;
			productReference = 1EFDAD311FFF38DE007FDDE1 /* StrTok */;
			productType = "com.apple.product-type.tool";
		};
/* End PBXNativeTarget section */

/* Begin PBXProject section */
		1EFDAD291FFF38DE007FDDE1 /* Project object */ = {
			isa = PBXProject;
			attributes = {
				LastUpgradeCheck = 0730;
				ORGANIZATIONNAME = caiyd;
				TargetAttributes = {
					1EFDAD301FFF38DE007FDDE1 = {
						CreatedOnToolsVersion = 7.3.1;
					};
				};
			};
			buildConfigurationList = 1EFDAD2C1FFF38DE007FDDE1 /* Build configuration list for PBXProject "StrTok" */;
			compatibilityVersion = "Xcode 3.2";
			developmentRegion = English;
			hasScannedForEncodings = 0;
			knownRegions = (
				en,
			);
			mainGroup = 1EFDAD281FFF38DE007FDDE1;
			productRefGroup = 1EFDAD321FFF38DE007FDDE1 /* Products */;
			projectDirPath = "";
			projectRoot = "";
			targets = (
				1EFDAD301FFF38DE007FDDE1 /* StrTok */,
			);
		};
/* End PBXProject section */

/* Begin PBXSourcesBuildPhase section */
		1EFDAD2D1FFF38DE007FDDE1 /* Sources */ = {
			isa = PBXSourcesBuildPhase;
			buildActionMask = 2147483647;
			files = (
				1EFDAD351FFF38DE007FDDE1 /* main.cpp in Sources */,
			);
			runOnlyForDeploymentPostprocessing = 0;
		};
/* End PBXSourcesBuildPhase section */

/* Begin XCBuildConfiguration section */
		1EFDAD361FFF38DE007FDDE1 /* Debug */ = {
			isa = XCBuildConfiguration;
			buildSettings = {
				ALWAYS_SEARCH_USER_PATHS = NO;
				CLANG_ANALYZER_NONNULL = YES;
				CLANG_CXX_LANGUAGE_STANDARD = "gnu++0x";
				CLANG_CXX_LIBRARY = "libc++";
				CLANG_ENABLE_MODULES = YES;
				CLANG_ENABLE_OBJC_ARC = YES;
				CLANG_WARN_BOOL_CONVERSION = YES;
				CLANG_WARN_CONSTANT_CONVERSION = YES;
				CLANG_WARN_DIRECT_OBJC_ISA_USAGE = YES_ERROR;
				CLANG_WARN_EMPTY_BODY = YES;
				CLANG_WARN_ENUM_CONVERSION = YES;
				CLANG_WARN_INT_CONVERSION = YES;
				CLANG_WARN_OBJC_ROOT_CLASS = YES_ERROR;
				CLANG_WARN_UNREACHABLE_CODE = YES;
				CLANG_WARN__DUPLICATE_METHOD_MATCH = YES;
				CODE_SIGN_IDENTITY = "-";
				COPY_PHASE_STRIP = NO;
				DEBUG_INFORMATION_FORMAT = dwarf;
				ENABLE_STRICT_OBJC_MSGSEND = YES;
				ENABLE_TESTABILITY = YES;
				GCC_C_LANGUAGE_STANDARD = gnu99;
				GCC_DYNAMIC_NO_PIC = NO;
				GCC_NO_COMMON_BLOCKS = YES;
				GCC_OPTIMIZATION_LEVEL = 0;
				GCC_PREPROCESSOR_DEFINITIONS = (
					"DEBUG=1",
					"$(inherited)",
				);
				GCC_WARN_64_TO_32_BIT_CONVERSION = YES;
				GCC_WARN_ABOUT_RETURN_TYPE = YES_ERROR;
				GCC_WARN_UNDECLARED_SELECTOR = YES;
				GCC_WARN_UNINITIALIZED_AUTOS = YES_AGGRESSIVE;
				GCC_WARN_UNUSED_FUNCTION = YES;
				GCC_WARN_UNUSED_VARIABLE = YES;
				MACOSX_DEPLOYMENT_TARGET = 10.11;
				MTL_ENABLE_DEBUG_INFO = YES;
				ONLY_ACTIVE_ARCH = YES;
				SDKROOT = macosx;
			};
			name = Debug;
		};
		1EFDAD371FFF38DE007FDDE1 /* Release */ = {
			isa = XCBuildConfiguration;
			buildSettings = {
				ALWAYS_SEARCH_USER_PATHS = NO;
				CLANG_ANALYZER_NONNULL = YES;
				CLANG_CXX_LANGUAGE_STANDARD = "gnu++0x";
				CLANG_CXX_LIBRARY = "libc++";
				CLANG_ENABLE_MODULES = YES;
				CLANG_ENABLE_OBJC_ARC = YES;
				CLANG_WARN_BOOL_CONVERSION = YES;
				CLANG_WARN_CONSTANT_CONVERSION = YES;
				CLANG_WARN_DIRECT_OBJC_ISA_USAGE = YES_ERROR;
				CLANG_WARN_EMPTY_BODY = YES;
				CLANG_WARN_ENUM_CONVERSION = YES;
				CLANG_WARN_INT_CONVERSION = YES;
				CLANG_WARN_OBJC_ROOT_CLASS = YES_ERROR;
				CLANG_WARN_UNREACHABLE_CODE = YES;
				CLANG_WARN__DUPLICATE_METHOD_MATCH = YES;
				CODE_SIGN_IDENTITY = "-";
				COPY_PHASE_STRIP = NO;
				DEBUG_INFORMATION_FORMAT = "dwarf-with-dsym";
				ENABLE_NS_ASSERTIONS = NO;
				ENABLE_STRICT_OBJC_MSGSEND = YES;
				GCC_C_LANGUAGE_STANDARD = gnu99;
				GCC_NO_COMMON_BLOCKS = YES;
				GCC_WARN_64_TO_32_BIT_CONVERSION = YES;
				GCC_WARN_ABOUT_RETURN_TYPE = YES_ERROR;
				GCC_WARN_UNDECLARED_SELECTOR = YES;
				GCC_WARN_UNINITIALIZED_AUTOS = YES_AGGRESSIVE;
				GCC_WARN_UNUSED_FUNCTION = YES;
				GCC_WARN_UNUSED_VARIABLE = YES;
				MACOSX_DEPLOYMENT_TARGET = 10.11;
				MTL_ENABLE_DEBUG_INFO = NO;
				SDKROOT = macosx;
			};
			name = Release;
		};
		1EFDAD391FFF38DE007FDDE1 /* Debug */ = {
			isa = XCBuildConfiguration;
			buildSettings = {
				PRODUCT_NAME = "$(TARGET_NAME)";
			};
			name = Debug;
		};
		1EFDAD3A1FFF38DE007FDDE1 /* Release */ = {
			isa = XCBuildConfiguration;
			buildSettings = {
				PRODUCT_NAME = "$(TARGET_NAME)";
			};
			name = Release;
		};
/* End XCBuildConfiguration section */

/* Begin XCConfigurationList section */
		1EFDAD2C1FFF38DE007FDDE1 /* Build configuration list for PBXProject "StrTok" */ = {
			isa = XCConfigurationList;
			buildConfigurations = (
				1EFDAD361FFF38DE007FDDE1 /* Debug */,
				1EFDAD371FFF38DE007FDDE1 /* Release */,
			);
			defaultConfigurationIsVisible = 0;
			defaultConfigurationName = Release;
		};
		1EFDAD381FFF38DE007FDDE1 /* Build configuration list for PBXNativeTarget "StrTok" */ = {
			isa = XCConfigurationList;
			buildConfigurations = (
				1EFDAD391FFF38DE007FDDE1 /* Debug */,
				1EFDAD3A1FFF38DE007FDDE1 /* Release */,
			);
			defaultConfigurationIsVisible = 0;
		};
/* End XCConfigurationList section */
	};
	rootObject = 1EFDAD291FFF38DE007FDDE1 /* Project object */;
}
